
Microsoft Visual Studio Solution File, Format Version 12.00
# Visual Studio 15
VisualStudioVersion = 15.0.27520.0
MinimumVisualStudioVersion = 10.0.40219.1
Project("{FAE04EC0-301F-11D3-BF4B-00C04F79EFBC}") = "embedtext", "embedtext.csproj", "{EDAF2F43-E18C-452B-938B-2F69D03D4DCB}"
EndProject
Global
	GlobalSection(SolutionConfigurationPlatforms) = preSolution
		Debug|Any CPU = Debug|Any CPU
		Release|Any CPU = Release|Any CPU
	EndGlobalSection
	GlobalSection(ProjectConfigurationPlatforms) = postSolution
		{EDAF2F43-E18C-452B-938B-2F69D03D4DCB}.Debug|Any CPU.ActiveCfg = Debug|Any CPU
		{EDAF2F43-E18C-452B-938B-2F69D03D4DCB}.Debug|Any CPU.Build.0 = Debug|Any CPU
		{EDAF2F43-E18C-452B-938B-2F69D03D4DCB}.Release|Any CPU.ActiveCfg = Release|Any CPU
		{EDAF2F43-E18C-452B-938B-2F69D03D4DCB}.Release|Any CPU.Build.0 = Release|Any CPU
	EndGlobalSection
	GlobalSection(SolutionProperties) = preSolution
		HideSolutionNode = FALSE
	EndGlobalSection
	GlobalSection(ExtensibilityGlobals) = postSolution
		SolutionGuid = {9F05C521-5A66-4AD5-8E3B-E995E3385F30}
	EndGlobalSection
EndGlobal
